
Microsoft Visual Studio Solution File, Format Version 12.00
# Visual Studio Version 16
VisualStudioVersion = 16.0.31410.357
MinimumVisualStudioVersion = 10.0.40219.1
Project("{8BC9CEB8-8B4A-11D0-8D11-00A0C91BC942}") = "通讯录管理系统升级版", "通讯录管理系统升级版\通讯录管理系统升级版.vcxproj", "{B1730E80-5680-4D34-BFAF-A3B9C94F084A}"
EndProject
Global
	GlobalSection(SolutionConfigurationPlatforms) = preSolution
		Debug|x64 = Debug|x64
		Debug|x86 = Debug|x86
		Release|x64 = Release|x64
		Release|x86 = Release|x86
	EndGlobalSection
	GlobalSection(ProjectConfigurationPlatforms) = postSolution
		{B1730E80-5680-4D34-BFAF-A3B9C94F084A}.Debug|x64.ActiveCfg = Debug|x64
		{B1730E80-5680-4D34-BFAF-A3B9C94F084A}.Debug|x64.Build.0 = Debug|x64
		{B1730E80-5680-4D34-BFAF-A3B9C94F084A}.Debug|x86.ActiveCfg = Debug|Win32
		{B1730E80-5680-4D34-BFAF-A3B9C94F084A}.Debug|x86.Build.0 = Debug|Win32
		{B1730E80-5680-4D34-BFAF-A3B9C94F084A}.Release|x64.ActiveCfg = Release|x64
		{B1730E80-5680-4D34-BFAF-A3B9C94F084A}.Release|x64.Build.0 = Release|x64
		{B1730E80-5680-4D34-BFAF-A3B9C94F084A}.Release|x86.ActiveCfg = Release|Win32
		{B1730E80-5680-4D34-BFAF-A3B9C94F084A}.Release|x86.Build.0 = Release|Win32
	EndGlobalSection
	GlobalSection(SolutionProperties) = preSolution
		HideSolutionNode = FALSE
	EndGlobalSection
	GlobalSection(ExtensibilityGlobals) = postSolution
		SolutionGuid = {21FB431B-71E1-4EEA-9B03-F243FFEE8D44}
	EndGlobalSection
EndGlobal
